
Microsoft Visual Studio Solution File, Format Version 12.00
# Visual Studio Version 17
VisualStudioVersion = 17.9.34902.65
MinimumVisualStudioVersion = 10.0.40219.1
Project("{9A19103F-16F7-4668-BE54-9A1E7A4F7556}") = "ClassLibraryDataAccess", "ClassLibraryDataAccess\ClassLibraryDataAccess.csproj", "{9EA6C418-8845-41A3-9923-96F7941123A8}"
EndProject
Project("{9A19103F-16F7-4668-BE54-9A1E7A4F7556}") = "ClassLibraryModel", "ClassLibraryModel\ClassLibraryModel.csproj", "{6D2BBDEB-CEAF-4E9A-AB90-1CA525211DCE}"
EndProject
Project("{9A19103F-16F7-4668-BE54-9A1E7A4F7556}") = "UserApp", "UserApp\UserApp.csproj", "{45632CD3-9C18-419F-A18C-94BB06976435}"
EndProject
Global
	GlobalSection(SolutionConfigurationPlatforms) = preSolution
		Debug|Any CPU = Debug|Any CPU
		Release|Any CPU = Release|Any CPU
	EndGlobalSection
	GlobalSection(ProjectConfigurationPlatforms) = postSolution
		{9EA6C418-8845-41A3-9923-96F7941123A8}.Debug|Any CPU.ActiveCfg = Debug|Any CPU
		{9EA6C418-8845-41A3-9923-96F7941123A8}.Debug|Any CPU.Build.0 = Debug|Any CPU
		{9EA6C418-8845-41A3-9923-96F7941123A8}.Release|Any CPU.ActiveCfg = Release|Any CPU
		{9EA6C418-8845-41A3-9923-96F7941123A8}.Release|Any CPU.Build.0 = Release|Any CPU
		{6D2BBDEB-CEAF-4E9A-AB90-1CA525211DCE}.Debug|Any CPU.ActiveCfg = Debug|Any CPU
		{6D2BBDEB-CEAF-4E9A-AB90-1CA525211DCE}.Debug|Any CPU.Build.0 = Debug|Any CPU
		{6D2BBDEB-CEAF-4E9A-AB90-1CA525211DCE}.Release|Any CPU.ActiveCfg = Release|Any CPU
		{6D2BBDEB-CEAF-4E9A-AB90-1CA525211DCE}.Release|Any CPU.Build.0 = Release|Any CPU
		{45632CD3-9C18-419F-A18C-94BB06976435}.Debug|Any CPU.ActiveCfg = Debug|Any CPU
		{45632CD3-9C18-419F-A18C-94BB06976435}.Debug|Any CPU.Build.0 = Debug|Any CPU
		{45632CD3-9C18-419F-A18C-94BB06976435}.Release|Any CPU.ActiveCfg = Release|Any CPU
		{45632CD3-9C18-419F-A18C-94BB06976435}.Release|Any CPU.Build.0 = Release|Any CPU
	EndGlobalSection
	GlobalSection(SolutionProperties) = preSolution
		HideSolutionNode = FALSE
	EndGlobalSection
	GlobalSection(ExtensibilityGlobals) = postSolution
		SolutionGuid = {B23038DC-C88E-49C4-94FD-D05FAC9A23D2}
	EndGlobalSection
EndGlobal
